
Microsoft Visual Studio Solution File, Format Version 12.00
# Visual Studio Version 16
VisualStudioVersion = 16.0.31229.75
MinimumVisualStudioVersion = 10.0.40219.1
Project("{2150E333-8FDC-42A3-9474-1A3956D46DE8}") = "src", "src", "{022CB5D9-72EA-4BCA-BEA5-4D75DA05117B}"
EndProject
Project("{2150E333-8FDC-42A3-9474-1A3956D46DE8}") = "test", "test", "{2695EF1A-617F-4E52-8AA9-ACCAB2462EFA}"
EndProject
Project("{2150E333-8FDC-42A3-9474-1A3956D46DE8}") = "netcoreapp3.1", "netcoreapp3.1", "{4467540C-7297-4705-9978-01C96D73455A}"
EndProject
Project("{2150E333-8FDC-42A3-9474-1A3956D46DE8}") = "net5.0", "net5.0", "{5B2567E3-A700-4323-98D0-82EE0BBC5B72}"
EndProject
Project("{9A19103F-16F7-4668-BE54-9A1E7A4F7556}") = "SpecialPlugin.AspNetCore", "src\SpecialPlugin.AspNetCore\SpecialPlugin.AspNetCore.csproj", "{F6853837-65F4-4D48-BB07-0C085FF7D89E}"
EndProject
Project("{9A19103F-16F7-4668-BE54-9A1E7A4F7556}") = "SpecialPlugin.Hosting", "test\net5.0\SpecialPlugin.Hosting\SpecialPlugin.Hosting.csproj", "{73BB95FD-1365-452E-8581-80778FBF08C0}"
EndProject
Project("{9A19103F-16F7-4668-BE54-9A1E7A4F7556}") = "SpecialPlugin.Project.NewDapperDemo", "test\net5.0\SpecialPlugin.Project.NewDapperDemo\SpecialPlugin.Project.NewDapperDemo.csproj", "{01FB225C-72DF-45FB-80DE-D461A3730BB0}"
EndProject
Project("{9A19103F-16F7-4668-BE54-9A1E7A4F7556}") = "SpecialPlugin.Project.OldDapperDemo", "test\net5.0\SpecialPlugin.Project.OldDapperDemo\SpecialPlugin.Project.OldDapperDemo.csproj", "{21F6111F-3760-4CA5-B139-5A4615F573D8}"
EndProject
Project("{9A19103F-16F7-4668-BE54-9A1E7A4F7556}") = "SpecialPlugin.Hosting", "test\netcoreapp3.1\SpecialPlugin.Hosting\SpecialPlugin.Hosting.csproj", "{D06ACA67-151D-4BA3-8DF1-9691C7793270}"
EndProject
Project("{9A19103F-16F7-4668-BE54-9A1E7A4F7556}") = "SpecialPlugin.Project.NewDapperDemo", "test\netcoreapp3.1\SpecialPlugin.Project.NewDapperDemo\SpecialPlugin.Project.NewDapperDemo.csproj", "{D82144AA-7B2E-4335-A418-EE7F4E09E2B0}"
EndProject
Project("{9A19103F-16F7-4668-BE54-9A1E7A4F7556}") = "SpecialPlugin.Project.OldDapperDemo", "test\netcoreapp3.1\SpecialPlugin.Project.OldDapperDemo\SpecialPlugin.Project.OldDapperDemo.csproj", "{2ABB22A4-E332-43A8-A635-E1502C86B44F}"
EndProject
Project("{2150E333-8FDC-42A3-9474-1A3956D46DE8}") = "abp", "abp", "{0B6619F2-08CE-4768-AE6C-36E605326DE2}"
EndProject
Project("{9A19103F-16F7-4668-BE54-9A1E7A4F7556}") = "SpecialPlugin.Hosting", "test\abp\SpecialPlugin.Hosting\SpecialPlugin.Hosting.csproj", "{B21C302D-4975-4267-99B0-52A1F4CB24DA}"
EndProject
Project("{9A19103F-16F7-4668-BE54-9A1E7A4F7556}") = "SpecialPlugin.Project.NewDapperDemo", "test\abp\SpecialPlugin.Project.NewDapperDemo\SpecialPlugin.Project.NewDapperDemo.csproj", "{3412594D-EEA4-452C-AFC6-0DDDE214F552}"
EndProject
Project("{9A19103F-16F7-4668-BE54-9A1E7A4F7556}") = "SpecialPlugin.Project.OldDapperDemo", "test\abp\SpecialPlugin.Project.OldDapperDemo\SpecialPlugin.Project.OldDapperDemo.csproj", "{EB7B1AF2-9D7D-448B-85D5-A018056E71D8}"
EndProject
Project("{FAE04EC0-301F-11D3-BF4B-00C04F79EFBC}") = "SpecialPlugin.Core", "src\SpecialPlugin.Core\SpecialPlugin.Core.csproj", "{1B85287C-6941-4D72-AB2B-A26E34B77A54}"
EndProject
Global
	GlobalSection(SolutionConfigurationPlatforms) = preSolution
		Debug|Any CPU = Debug|Any CPU
		Release|Any CPU = Release|Any CPU
	EndGlobalSection
	GlobalSection(ProjectConfigurationPlatforms) = postSolution
		{F6853837-65F4-4D48-BB07-0C085FF7D89E}.Debug|Any CPU.ActiveCfg = Debug|Any CPU
		{F6853837-65F4-4D48-BB07-0C085FF7D89E}.Debug|Any CPU.Build.0 = Debug|Any CPU
		{F6853837-65F4-4D48-BB07-0C085FF7D89E}.Release|Any CPU.ActiveCfg = Release|Any CPU
		{F6853837-65F4-4D48-BB07-0C085FF7D89E}.Release|Any CPU.Build.0 = Release|Any CPU
		{73BB95FD-1365-452E-8581-80778FBF08C0}.Debug|Any CPU.ActiveCfg = Debug|Any CPU
		{73BB95FD-1365-452E-8581-80778FBF08C0}.Debug|Any CPU.Build.0 = Debug|Any CPU
		{73BB95FD-1365-452E-8581-80778FBF08C0}.Release|Any CPU.ActiveCfg = Release|Any CPU
		{73BB95FD-1365-452E-8581-80778FBF08C0}.Release|Any CPU.Build.0 = Release|Any CPU
		{01FB225C-72DF-45FB-80DE-D461A3730BB0}.Debug|Any CPU.ActiveCfg = Debug|Any CPU
		{01FB225C-72DF-45FB-80DE-D461A3730BB0}.Debug|Any CPU.Build.0 = Debug|Any CPU
		{01FB225C-72DF-45FB-80DE-D461A3730BB0}.Release|Any CPU.ActiveCfg = Release|Any CPU
		{01FB225C-72DF-45FB-80DE-D461A3730BB0}.Release|Any CPU.Build.0 = Release|Any CPU
		{21F6111F-3760-4CA5-B139-5A4615F573D8}.Debug|Any CPU.ActiveCfg = Debug|Any CPU
		{21F6111F-3760-4CA5-B139-5A4615F573D8}.Debug|Any CPU.Build.0 = Debug|Any CPU
		{21F6111F-3760-4CA5-B139-5A4615F573D8}.Release|Any CPU.ActiveCfg = Release|Any CPU
		{21F6111F-3760-4CA5-B139-5A4615F573D8}.Release|Any CPU.Build.0 = Release|Any CPU
		{D06ACA67-151D-4BA3-8DF1-9691C7793270}.Debug|Any CPU.ActiveCfg = Debug|Any CPU
		{D06ACA67-151D-4BA3-8DF1-9691C7793270}.Debug|Any CPU.Build.0 = Debug|Any CPU
		{D06ACA67-151D-4BA3-8DF1-9691C7793270}.Release|Any CPU.ActiveCfg = Release|Any CPU
		{D06ACA67-151D-4BA3-8DF1-9691C7793270}.Release|Any CPU.Build.0 = Release|Any CPU
		{D82144AA-7B2E-4335-A418-EE7F4E09E2B0}.Debug|Any CPU.ActiveCfg = Debug|Any CPU
		{D82144AA-7B2E-4335-A418-EE7F4E09E2B0}.Debug|Any CPU.Build.0 = Debug|Any CPU
		{D82144AA-7B2E-4335-A418-EE7F4E09E2B0}.Release|Any CPU.ActiveCfg = Release|Any CPU
		{D82144AA-7B2E-4335-A418-EE7F4E09E2B0}.Release|Any CPU.Build.0 = Release|Any CPU
		{2ABB22A4-E332-43A8-A635-E1502C86B44F}.Debug|Any CPU.ActiveCfg = Debug|Any CPU
		{2ABB22A4-E332-43A8-A635-E1502C86B44F}.Debug|Any CPU.Build.0 = Debug|Any CPU
		{2ABB22A4-E332-43A8-A635-E1502C86B44F}.Release|Any CPU.ActiveCfg = Release|Any CPU
		{2ABB22A4-E332-43A8-A635-E1502C86B44F}.Release|Any CPU.Build.0 = Release|Any CPU
		{B21C302D-4975-4267-99B0-52A1F4CB24DA}.Debug|Any CPU.ActiveCfg = Debug|Any CPU
		{B21C302D-4975-4267-99B0-52A1F4CB24DA}.Debug|Any CPU.Build.0 = Debug|Any CPU
		{B21C302D-4975-4267-99B0-52A1F4CB24DA}.Release|Any CPU.ActiveCfg = Release|Any CPU
		{B21C302D-4975-4267-99B0-52A1F4CB24DA}.Release|Any CPU.Build.0 = Release|Any CPU
		{3412594D-EEA4-452C-AFC6-0DDDE214F552}.Debug|Any CPU.ActiveCfg = Debug|Any CPU
		{3412594D-EEA4-452C-AFC6-0DDDE214F552}.Debug|Any CPU.Build.0 = Debug|Any CPU
		{3412594D-EEA4-452C-AFC6-0DDDE214F552}.Release|Any CPU.ActiveCfg = Release|Any CPU
		{3412594D-EEA4-452C-AFC6-0DDDE214F552}.Release|Any CPU.Build.0 = Release|Any CPU
		{EB7B1AF2-9D7D-448B-85D5-A018056E71D8}.Debug|Any CPU.ActiveCfg = Debug|Any CPU
		{EB7B1AF2-9D7D-448B-85D5-A018056E71D8}.Debug|Any CPU.Build.0 = Debug|Any CPU
		{EB7B1AF2-9D7D-448B-85D5-A018056E71D8}.Release|Any CPU.ActiveCfg = Release|Any CPU
		{EB7B1AF2-9D7D-448B-85D5-A018056E71D8}.Release|Any CPU.Build.0 = Release|Any CPU
		{1B85287C-6941-4D72-AB2B-A26E34B77A54}.Debug|Any CPU.ActiveCfg = Debug|Any CPU
		{1B85287C-6941-4D72-AB2B-A26E34B77A54}.Debug|Any CPU.Build.0 = Debug|Any CPU
		{1B85287C-6941-4D72-AB2B-A26E34B77A54}.Release|Any CPU.ActiveCfg = Release|Any CPU
		{1B85287C-6941-4D72-AB2B-A26E34B77A54}.Release|Any CPU.Build.0 = Release|Any CPU
	EndGlobalSection
	GlobalSection(SolutionProperties) = preSolution
		HideSolutionNode = FALSE
	EndGlobalSection
	GlobalSection(NestedProjects) = preSolution
		{4467540C-7297-4705-9978-01C96D73455A} = {2695EF1A-617F-4E52-8AA9-ACCAB2462EFA}
		{5B2567E3-A700-4323-98D0-82EE0BBC5B72} = {2695EF1A-617F-4E52-8AA9-ACCAB2462EFA}
		{F6853837-65F4-4D48-BB07-0C085FF7D89E} = {022CB5D9-72EA-4BCA-BEA5-4D75DA05117B}
		{73BB95FD-1365-452E-8581-80778FBF08C0} = {5B2567E3-A700-4323-98D0-82EE0BBC5B72}
		{01FB225C-72DF-45FB-80DE-D461A3730BB0} = {5B2567E3-A700-4323-98D0-82EE0BBC5B72}
		{21F6111F-3760-4CA5-B139-5A4615F573D8} = {5B2567E3-A700-4323-98D0-82EE0BBC5B72}
		{D06ACA67-151D-4BA3-8DF1-9691C7793270} = {4467540C-7297-4705-9978-01C96D73455A}
		{D82144AA-7B2E-4335-A418-EE7F4E09E2B0} = {4467540C-7297-4705-9978-01C96D73455A}
		{2ABB22A4-E332-43A8-A635-E1502C86B44F} = {4467540C-7297-4705-9978-01C96D73455A}
		{0B6619F2-08CE-4768-AE6C-36E605326DE2} = {2695EF1A-617F-4E52-8AA9-ACCAB2462EFA}
		{B21C302D-4975-4267-99B0-52A1F4CB24DA} = {0B6619F2-08CE-4768-AE6C-36E605326DE2}
		{3412594D-EEA4-452C-AFC6-0DDDE214F552} = {0B6619F2-08CE-4768-AE6C-36E605326DE2}
		{EB7B1AF2-9D7D-448B-85D5-A018056E71D8} = {0B6619F2-08CE-4768-AE6C-36E605326DE2}
		{1B85287C-6941-4D72-AB2B-A26E34B77A54} = {022CB5D9-72EA-4BCA-BEA5-4D75DA05117B}
	EndGlobalSection
	GlobalSection(ExtensibilityGlobals) = postSolution
		SolutionGuid = {62FD3234-E58A-4245-92E7-89F987441F5B}
	EndGlobalSection
EndGlobal
